
Microsoft Visual Studio Solution File, Format Version 12.00
# Visual Studio 15
VisualStudioVersion = 15.0.26730.16
MinimumVisualStudioVersion = 10.0.40219.1
Project("{FAE04EC0-301F-11D3-BF4B-00C04F79EFBC}") = "CSBigHomework", "CSBigHomework\CSBigHomework.csproj", "{277AB685-345F-44EF-ABD9-18BA17CEE033}"
EndProject
Global
	GlobalSection(SolutionConfigurationPlatforms) = preSolution
		Debug|Any CPU = Debug|Any CPU
		Release|Any CPU = Release|Any CPU
	EndGlobalSection
	GlobalSection(ProjectConfigurationPlatforms) = postSolution
		{277AB685-345F-44EF-ABD9-18BA17CEE033}.Debug|Any CPU.ActiveCfg = Debug|Any CPU
		{277AB685-345F-44EF-ABD9-18BA17CEE033}.Debug|Any CPU.Build.0 = Debug|Any CPU
		{277AB685-345F-44EF-ABD9-18BA17CEE033}.Release|Any CPU.ActiveCfg = Release|Any CPU
		{277AB685-345F-44EF-ABD9-18BA17CEE033}.Release|Any CPU.Build.0 = Release|Any CPU
	EndGlobalSection
	GlobalSection(SolutionProperties) = preSolution
		HideSolutionNode = FALSE
	EndGlobalSection
	GlobalSection(ExtensibilityGlobals) = postSolution
		SolutionGuid = {02D38DB2-9DCD-48AB-AA72-A93558A70B4C}
	EndGlobalSection
EndGlobal
